
Microsoft Visual Studio Solution File, Format Version 12.00
# Visual Studio Version 17
VisualStudioVersion = 17.4.33205.214
MinimumVisualStudioVersion = 10.0.40219.1
Project("{FAE04EC0-301F-11D3-BF4B-00C04F79EFBC}") = "Api-Laptop-Task", "Api-Laptop-Task\Api-Laptop-Task.csproj", "{5384B11B-6432-4E32-B4C4-F7EB374C520C}"
EndProject
Global
	GlobalSection(SolutionConfigurationPlatforms) = preSolution
		Debug|Any CPU = Debug|Any CPU
		Release|Any CPU = Release|Any CPU
	EndGlobalSection
	GlobalSection(ProjectConfigurationPlatforms) = postSolution
		{5384B11B-6432-4E32-B4C4-F7EB374C520C}.Debug|Any CPU.ActiveCfg = Debug|Any CPU
		{5384B11B-6432-4E32-B4C4-F7EB374C520C}.Debug|Any CPU.Build.0 = Debug|Any CPU
		{5384B11B-6432-4E32-B4C4-F7EB374C520C}.Release|Any CPU.ActiveCfg = Release|Any CPU
		{5384B11B-6432-4E32-B4C4-F7EB374C520C}.Release|Any CPU.Build.0 = Release|Any CPU
	EndGlobalSection
	GlobalSection(SolutionProperties) = preSolution
		HideSolutionNode = FALSE
	EndGlobalSection
	GlobalSection(ExtensibilityGlobals) = postSolution
		SolutionGuid = {DF7BE36B-2C00-4D50-92D4-5CA5AC8C3605}
	EndGlobalSection
EndGlobal
